
Microsoft Visual Studio Solution File, Format Version 12.00
# Visual Studio Version 17
VisualStudioVersion = 17.12.35707.178
MinimumVisualStudioVersion = 10.0.40219.1
Project("{9A19103F-16F7-4668-BE54-9A1E7A4F7556}") = "PMS-DDAC", "PMS-DDAC.csproj", "{7790ACA8-6C9E-40A9-BBDF-1BF3EC2A33AD}"
EndProject
Global
	GlobalSection(SolutionConfigurationPlatforms) = preSolution
		Debug|Any CPU = Debug|Any CPU
		Release|Any CPU = Release|Any CPU
	EndGlobalSection
	GlobalSection(ProjectConfigurationPlatforms) = postSolution
		{7790ACA8-6C9E-40A9-BBDF-1BF3EC2A33AD}.Debug|Any CPU.ActiveCfg = Debug|Any CPU
		{7790ACA8-6C9E-40A9-BBDF-1BF3EC2A33AD}.Debug|Any CPU.Build.0 = Debug|Any CPU
		{7790ACA8-6C9E-40A9-BBDF-1BF3EC2A33AD}.Release|Any CPU.ActiveCfg = Release|Any CPU
		{7790ACA8-6C9E-40A9-BBDF-1BF3EC2A33AD}.Release|Any CPU.Build.0 = Release|Any CPU
	EndGlobalSection
	GlobalSection(SolutionProperties) = preSolution
		HideSolutionNode = FALSE
	EndGlobalSection
	GlobalSection(ExtensibilityGlobals) = postSolution
		SolutionGuid = {A0292D5A-548C-4767-B2FF-81B18100742D}
	EndGlobalSection
EndGlobal
